
Microsoft Visual Studio Solution File, Format Version 12.00
# Visual Studio Version 17
VisualStudioVersion = 17.11.35312.102
MinimumVisualStudioVersion = 10.0.40219.1
Project("{FAE04EC0-301F-11D3-BF4B-00C04F79EFBC}") = "Middleware", "Middleware\Middleware.csproj", "{C9F548A6-454B-4B6E-AC69-3794E65DDC52}"
EndProject
Global
	GlobalSection(SolutionConfigurationPlatforms) = preSolution
		Debug|Any CPU = Debug|Any CPU
		Release|Any CPU = Release|Any CPU
	EndGlobalSection
	GlobalSection(ProjectConfigurationPlatforms) = postSolution
		{C9F548A6-454B-4B6E-AC69-3794E65DDC52}.Debug|Any CPU.ActiveCfg = Debug|Any CPU
		{C9F548A6-454B-4B6E-AC69-3794E65DDC52}.Debug|Any CPU.Build.0 = Debug|Any CPU
		{C9F548A6-454B-4B6E-AC69-3794E65DDC52}.Release|Any CPU.ActiveCfg = Release|Any CPU
		{C9F548A6-454B-4B6E-AC69-3794E65DDC52}.Release|Any CPU.Build.0 = Release|Any CPU
	EndGlobalSection
	GlobalSection(SolutionProperties) = preSolution
		HideSolutionNode = FALSE
	EndGlobalSection
	GlobalSection(ExtensibilityGlobals) = postSolution
		SolutionGuid = {C83AEA09-5E21-432F-9FD0-C13AA9FA4B48}
	EndGlobalSection
EndGlobal
